
Microsoft Visual Studio Solution File, Format Version 12.00
# Visual Studio Version 16
VisualStudioVersion = 16.0.31005.135
MinimumVisualStudioVersion = 10.0.40219.1
Project("{FAE04EC0-301F-11D3-BF4B-00C04F79EFBC}") = "OOP2LabaStructType", "OOP2LabaStructType.csproj", "{35465A92-95A4-4518-B53D-1C3F35D7567B}"
EndProject
Global
	GlobalSection(SolutionConfigurationPlatforms) = preSolution
		Debug|Any CPU = Debug|Any CPU
		Release|Any CPU = Release|Any CPU
	EndGlobalSection
	GlobalSection(ProjectConfigurationPlatforms) = postSolution
		{35465A92-95A4-4518-B53D-1C3F35D7567B}.Debug|Any CPU.ActiveCfg = Debug|Any CPU
		{35465A92-95A4-4518-B53D-1C3F35D7567B}.Debug|Any CPU.Build.0 = Debug|Any CPU
		{35465A92-95A4-4518-B53D-1C3F35D7567B}.Release|Any CPU.ActiveCfg = Release|Any CPU
		{35465A92-95A4-4518-B53D-1C3F35D7567B}.Release|Any CPU.Build.0 = Release|Any CPU
	EndGlobalSection
	GlobalSection(SolutionProperties) = preSolution
		HideSolutionNode = FALSE
	EndGlobalSection
	GlobalSection(ExtensibilityGlobals) = postSolution
		SolutionGuid = {BF0428D6-9A08-429A-8BB0-152D9CC284F3}
	EndGlobalSection
EndGlobal
